
Microsoft Visual Studio Solution File, Format Version 12.00
# Visual Studio Version 17
VisualStudioVersion = 17.7.34031.279
MinimumVisualStudioVersion = 10.0.40219.1
Project("{FAE04EC0-301F-11D3-BF4B-00C04F79EFBC}") = "Vjezba1", "Vjezba1\Vjezba1.csproj", "{21736D31-400B-4E55-BF8D-684D9E2C30A9}"
EndProject
Global
	GlobalSection(SolutionConfigurationPlatforms) = preSolution
		Debug|Any CPU = Debug|Any CPU
		Release|Any CPU = Release|Any CPU
	EndGlobalSection
	GlobalSection(ProjectConfigurationPlatforms) = postSolution
		{21736D31-400B-4E55-BF8D-684D9E2C30A9}.Debug|Any CPU.ActiveCfg = Debug|Any CPU
		{21736D31-400B-4E55-BF8D-684D9E2C30A9}.Debug|Any CPU.Build.0 = Debug|Any CPU
		{21736D31-400B-4E55-BF8D-684D9E2C30A9}.Release|Any CPU.ActiveCfg = Release|Any CPU
		{21736D31-400B-4E55-BF8D-684D9E2C30A9}.Release|Any CPU.Build.0 = Release|Any CPU
	EndGlobalSection
	GlobalSection(SolutionProperties) = preSolution
		HideSolutionNode = FALSE
	EndGlobalSection
	GlobalSection(ExtensibilityGlobals) = postSolution
		SolutionGuid = {C45D4297-DC7D-4D20-AB45-E720A9E39FAD}
	EndGlobalSection
EndGlobal
